
Microsoft Visual Studio Solution File, Format Version 12.00
# Visual Studio Express 15 for Windows Desktop
VisualStudioVersion = 15.0.28307.902
MinimumVisualStudioVersion = 10.0.40219.1
Project("{FAE04EC0-301F-11D3-BF4B-00C04F79EFBC}") = "FileWatcher", "FileWatcher\FileWatcher.csproj", "{9B903484-C412-4A79-B85D-029413D71A56}"
EndProject
Project("{FAE04EC0-301F-11D3-BF4B-00C04F79EFBC}") = "Data", "Data\Data.csproj", "{511B517B-759D-4E47-8C4D-FCC48BF8F18F}"
EndProject
Project("{FAE04EC0-301F-11D3-BF4B-00C04F79EFBC}") = "Common", "Common\Common.csproj", "{CD07A895-26DB-4898-89BA-96E5E7B7E108}"
EndProject
Global
	GlobalSection(SolutionConfigurationPlatforms) = preSolution
		Debug|Any CPU = Debug|Any CPU
		Release|Any CPU = Release|Any CPU
	EndGlobalSection
	GlobalSection(ProjectConfigurationPlatforms) = postSolution
		{9B903484-C412-4A79-B85D-029413D71A56}.Debug|Any CPU.ActiveCfg = Debug|Any CPU
		{9B903484-C412-4A79-B85D-029413D71A56}.Debug|Any CPU.Build.0 = Debug|Any CPU
		{9B903484-C412-4A79-B85D-029413D71A56}.Release|Any CPU.ActiveCfg = Release|Any CPU
		{9B903484-C412-4A79-B85D-029413D71A56}.Release|Any CPU.Build.0 = Release|Any CPU
		{511B517B-759D-4E47-8C4D-FCC48BF8F18F}.Debug|Any CPU.ActiveCfg = Debug|Any CPU
		{511B517B-759D-4E47-8C4D-FCC48BF8F18F}.Debug|Any CPU.Build.0 = Debug|Any CPU
		{511B517B-759D-4E47-8C4D-FCC48BF8F18F}.Release|Any CPU.ActiveCfg = Release|Any CPU
		{511B517B-759D-4E47-8C4D-FCC48BF8F18F}.Release|Any CPU.Build.0 = Release|Any CPU
		{CD07A895-26DB-4898-89BA-96E5E7B7E108}.Debug|Any CPU.ActiveCfg = Debug|Any CPU
		{CD07A895-26DB-4898-89BA-96E5E7B7E108}.Debug|Any CPU.Build.0 = Debug|Any CPU
		{CD07A895-26DB-4898-89BA-96E5E7B7E108}.Release|Any CPU.ActiveCfg = Release|Any CPU
		{CD07A895-26DB-4898-89BA-96E5E7B7E108}.Release|Any CPU.Build.0 = Release|Any CPU
	EndGlobalSection
	GlobalSection(SolutionProperties) = preSolution
		HideSolutionNode = FALSE
	EndGlobalSection
	GlobalSection(ExtensibilityGlobals) = postSolution
		SolutionGuid = {9C064B79-DEC9-42DD-A06B-C8035B34F3C5}
	EndGlobalSection
EndGlobal
